{
  "version": 4,
  "terraform_version": "0.12.28",
  "serial": 6,
  "lineage": "ac66cb09-7805-0746-8c91-3dec843c6f38",
  "outputs": {},
  "resources": [
    {
      "mode": "managed",
      "type": "azurerm_lb",
      "name": "lb_udemy_webserver",
      "provider": "provider.azurerm",
      "instances": [
        {
          "schema_version": 0,
          "attributes": {
            "frontend_ip_configuration": [
              {
                "id": "/subscriptions/08fd3d0c-eedb-4ad1-8c3e-02c2e7b70a14/resourceGroups/rg-udemylab/providers/Microsoft.Network/loadBalancers/udemylab-webserver-lb/frontendIPConfigurations/LoadBalancerFrontEnd",
                "inbound_nat_rules": [
                  "/subscriptions/08fd3d0c-eedb-4ad1-8c3e-02c2e7b70a14/resourceGroups/rg-udemylab/providers/Microsoft.Network/loadBalancers/udemylab-webserver-lb/inboundNatRules/RDPNAT"
                ],
                "load_balancer_rules": [],
                "name": "LoadBalancerFrontEnd",
                "outbound_rules": [],
                "private_ip_address": "",
                "private_ip_address_allocation": "Dynamic",
                "private_ip_address_version": "IPv4",
                "public_ip_address_id": "/subscriptions/08fd3d0c-eedb-4ad1-8c3e-02c2e7b70a14/resourceGroups/rg-udemylab/providers/Microsoft.Network/publicIPAddresses/udemylab-webserver-pip",
                "public_ip_prefix_id": "",
                "subnet_id": "",
                "zones": []
              }
            ],
            "id": "/subscriptions/08fd3d0c-eedb-4ad1-8c3e-02c2e7b70a14/resourceGroups/rg-udemylab/providers/Microsoft.Network/loadBalancers/udemylab-webserver-lb",
            "location": "uksouth",
            "name": "udemylab-webserver-lb",
            "private_ip_address": "",
            "private_ip_addresses": [],
            "resource_group_name": "rg-udemylab",
            "sku": "Basic",
            "tags": {},
            "timeouts": null
          },
          "private": "eyJlMmJmYjczMC1lY2FhLTExZTYtOGY4OC0zNDM2M2JjN2M0YzAiOnsiY3JlYXRlIjoxODAwMDAwMDAwMDAwLCJkZWxldGUiOjE4MDAwMDAwMDAwMDAsInJlYWQiOjMwMDAwMDAwMDAwMCwidXBkYXRlIjoxODAwMDAwMDAwMDAwfX0=",
          "dependencies": [
            "azurerm_public_ip.pip_udemy_web_server",
            "azurerm_resource_group.rg_udemy"
          ]
        }
      ]
    },
    {
      "mode": "managed",
      "type": "azurerm_lb_backend_address_pool",
      "name": "lbbe_udemy_webserver",
      "provider": "provider.azurerm",
      "instances": [
        {
          "schema_version": 0,
          "attributes": {
            "backend_ip_configurations": [
              "/subscriptions/08fd3d0c-eedb-4ad1-8c3e-02c2e7b70a14/resourceGroups/rg-udemylab/providers/Microsoft.Network/networkInterfaces/udemylab-webserver-00-nic/ipConfigurations/TestConfiguartion1"
            ],
            "id": "/subscriptions/08fd3d0c-eedb-4ad1-8c3e-02c2e7b70a14/resourceGroups/rg-udemylab/providers/Microsoft.Network/loadBalancers/udemylab-webserver-lb/backendAddressPools/BackEndAddressPool",
            "load_balancing_rules": [],
            "loadbalancer_id": "/subscriptions/08fd3d0c-eedb-4ad1-8c3e-02c2e7b70a14/resourceGroups/rg-udemylab/providers/Microsoft.Network/loadBalancers/udemylab-webserver-lb",
            "name": "BackEndAddressPool",
            "resource_group_name": "rg-udemylab",
            "timeouts": null
          },
          "private": "eyJlMmJmYjczMC1lY2FhLTExZTYtOGY4OC0zNDM2M2JjN2M0YzAiOnsiY3JlYXRlIjoxODAwMDAwMDAwMDAwLCJkZWxldGUiOjE4MDAwMDAwMDAwMDAsInJlYWQiOjMwMDAwMDAwMDAwMCwidXBkYXRlIjoxODAwMDAwMDAwMDAwfX0=",
          "dependencies": [
            "azurerm_lb.lb_udemy_webserver",
            "azurerm_public_ip.pip_udemy_web_server",
            "azurerm_resource_group.rg_udemy"
          ]
        }
      ]
    },
    {
      "mode": "managed",
      "type": "azurerm_lb_nat_rule",
      "name": "nat_udemy_webserver",
      "provider": "provider.azurerm",
      "instances": [
        {
          "schema_version": 0,
          "attributes": {
            "backend_ip_configuration_id": "/subscriptions/08fd3d0c-eedb-4ad1-8c3e-02c2e7b70a14/resourceGroups/rg-udemylab/providers/Microsoft.Network/networkInterfaces/udemylab-webserver-00-nic/ipConfigurations/TestConfiguartion1",
            "backend_port": 3389,
            "enable_floating_ip": false,
            "enable_tcp_reset": false,
            "frontend_ip_configuration_id": "/subscriptions/08fd3d0c-eedb-4ad1-8c3e-02c2e7b70a14/resourceGroups/rg-udemylab/providers/Microsoft.Network/loadBalancers/udemylab-webserver-lb/frontendIPConfigurations/LoadBalancerFrontEnd",
            "frontend_ip_configuration_name": "LoadBalancerFrontEnd",
            "frontend_port": 443,
            "id": "/subscriptions/08fd3d0c-eedb-4ad1-8c3e-02c2e7b70a14/resourceGroups/rg-udemylab/providers/Microsoft.Network/loadBalancers/udemylab-webserver-lb/inboundNatRules/RDPNAT",
            "idle_timeout_in_minutes": 4,
            "loadbalancer_id": "/subscriptions/08fd3d0c-eedb-4ad1-8c3e-02c2e7b70a14/resourceGroups/rg-udemylab/providers/Microsoft.Network/loadBalancers/udemylab-webserver-lb",
            "name": "RDPNAT",
            "protocol": "Tcp",
            "resource_group_name": "rg-udemylab",
            "timeouts": null
          },
          "private": "eyJlMmJmYjczMC1lY2FhLTExZTYtOGY4OC0zNDM2M2JjN2M0YzAiOnsiY3JlYXRlIjoxODAwMDAwMDAwMDAwLCJkZWxldGUiOjE4MDAwMDAwMDAwMDAsInJlYWQiOjMwMDAwMDAwMDAwMCwidXBkYXRlIjoxODAwMDAwMDAwMDAwfX0=",
          "dependencies": [
            "azurerm_lb.lb_udemy_webserver",
            "azurerm_public_ip.pip_udemy_web_server",
            "azurerm_resource_group.rg_udemy"
          ]
        }
      ]
    },
    {
      "mode": "managed",
      "type": "azurerm_network_interface",
      "name": "nic_udemy_web_server",
      "each": "list",
      "provider": "provider.azurerm",
      "instances": [
        {
          "index_key": 0,
          "schema_version": 0,
          "attributes": {
            "applied_dns_servers": [],
            "dns_servers": [],
            "enable_accelerated_networking": false,
            "enable_ip_forwarding": false,
            "id": "/subscriptions/08fd3d0c-eedb-4ad1-8c3e-02c2e7b70a14/resourceGroups/rg-udemylab/providers/Microsoft.Network/networkInterfaces/udemylab-webserver-00-nic",
            "internal_dns_name_label": "",
            "internal_domain_name_suffix": "n2wxdwl2mhleveefgueeighhgg.zx.internal.cloudapp.net",
            "ip_configuration": [
              {
                "name": "TestConfiguartion1",
                "primary": true,
                "private_ip_address": "1.0.1.4",
                "private_ip_address_allocation": "Dynamic",
                "private_ip_address_version": "IPv4",
                "public_ip_address_id": "",
                "subnet_id": "/subscriptions/08fd3d0c-eedb-4ad1-8c3e-02c2e7b70a14/resourceGroups/rg-udemylab/providers/Microsoft.Network/virtualNetworks/udemylab-vnet/subnets/udemylab-subnet1"
              }
            ],
            "location": "uksouth",
            "mac_address": "00-22-48-3E-F0-2B",
            "name": "udemylab-webserver-00-nic",
            "private_ip_address": "1.0.1.4",
            "private_ip_addresses": [
              "1.0.1.4"
            ],
            "resource_group_name": "rg-udemylab",
            "tags": {},
            "timeouts": null,
            "virtual_machine_id": "/subscriptions/08fd3d0c-eedb-4ad1-8c3e-02c2e7b70a14/resourceGroups/rg-udemylab/providers/Microsoft.Compute/virtualMachines/webserver-00"
          },
          "private": "eyJlMmJmYjczMC1lY2FhLTExZTYtOGY4OC0zNDM2M2JjN2M0YzAiOnsiY3JlYXRlIjoxODAwMDAwMDAwMDAwLCJkZWxldGUiOjE4MDAwMDAwMDAwMDAsInJlYWQiOjMwMDAwMDAwMDAwMCwidXBkYXRlIjoxODAwMDAwMDAwMDAwfX0=",
          "dependencies": [
            "azurerm_resource_group.rg_udemy",
            "azurerm_subnet.sn_udemy_subnet1",
            "azurerm_virtual_network.vnet_udemy"
          ]
        },
        {
          "index_key": 1,
          "schema_version": 0,
          "attributes": {
            "applied_dns_servers": [],
            "dns_servers": [],
            "enable_accelerated_networking": false,
            "enable_ip_forwarding": false,
            "id": "/subscriptions/08fd3d0c-eedb-4ad1-8c3e-02c2e7b70a14/resourceGroups/rg-udemylab/providers/Microsoft.Network/networkInterfaces/udemylab-webserver-01-nic",
            "internal_dns_name_label": "",
            "internal_domain_name_suffix": "n2wxdwl2mhleveefgueeighhgg.zx.internal.cloudapp.net",
            "ip_configuration": [
              {
                "name": "TestConfiguartion1",
                "primary": true,
                "private_ip_address": "1.0.1.5",
                "private_ip_address_allocation": "Dynamic",
                "private_ip_address_version": "IPv4",
                "public_ip_address_id": "",
                "subnet_id": "/subscriptions/08fd3d0c-eedb-4ad1-8c3e-02c2e7b70a14/resourceGroups/rg-udemylab/providers/Microsoft.Network/virtualNetworks/udemylab-vnet/subnets/udemylab-subnet1"
              }
            ],
            "location": "uksouth",
            "mac_address": "00-22-48-3E-F1-B5",
            "name": "udemylab-webserver-01-nic",
            "private_ip_address": "1.0.1.5",
            "private_ip_addresses": [
              "1.0.1.5"
            ],
            "resource_group_name": "rg-udemylab",
            "tags": {},
            "timeouts": null,
            "virtual_machine_id": "/subscriptions/08fd3d0c-eedb-4ad1-8c3e-02c2e7b70a14/resourceGroups/rg-udemylab/providers/Microsoft.Compute/virtualMachines/webserver-01"
          },
          "private": "eyJlMmJmYjczMC1lY2FhLTExZTYtOGY4OC0zNDM2M2JjN2M0YzAiOnsiY3JlYXRlIjoxODAwMDAwMDAwMDAwLCJkZWxldGUiOjE4MDAwMDAwMDAwMDAsInJlYWQiOjMwMDAwMDAwMDAwMCwidXBkYXRlIjoxODAwMDAwMDAwMDAwfX0=",
          "dependencies": [
            "azurerm_resource_group.rg_udemy",
            "azurerm_subnet.sn_udemy_subnet1",
            "azurerm_virtual_network.vnet_udemy"
          ]
        }
      ]
    },
    {
      "mode": "managed",
      "type": "azurerm_network_interface_backend_address_pool_association",
      "name": "lbbepool_udemy_webserver",
      "provider": "provider.azurerm",
      "instances": [
        {
          "schema_version": 0,
          "attributes": {
            "backend_address_pool_id": "/subscriptions/08fd3d0c-eedb-4ad1-8c3e-02c2e7b70a14/resourceGroups/rg-udemylab/providers/Microsoft.Network/loadBalancers/udemylab-webserver-lb/backendAddressPools/BackEndAddressPool",
            "id": "/subscriptions/08fd3d0c-eedb-4ad1-8c3e-02c2e7b70a14/resourceGroups/rg-udemylab/providers/Microsoft.Network/networkInterfaces/udemylab-webserver-00-nic/ipConfigurations/TestConfiguartion1|/subscriptions/08fd3d0c-eedb-4ad1-8c3e-02c2e7b70a14/resourceGroups/rg-udemylab/providers/Microsoft.Network/loadBalancers/udemylab-webserver-lb/backendAddressPools/BackEndAddressPool",
            "ip_configuration_name": "TestConfiguartion1",
            "network_interface_id": "/subscriptions/08fd3d0c-eedb-4ad1-8c3e-02c2e7b70a14/resourceGroups/rg-udemylab/providers/Microsoft.Network/networkInterfaces/udemylab-webserver-00-nic",
            "timeouts": null
          }
        }
      ]
    },
    {
      "mode": "managed",
      "type": "azurerm_network_interface_nat_rule_association",
      "name": "natasc_udemy_webserver",
      "provider": "provider.azurerm",
      "instances": [
        {
          "schema_version": 0,
          "attributes": {
            "id": "/subscriptions/08fd3d0c-eedb-4ad1-8c3e-02c2e7b70a14/resourceGroups/rg-udemylab/providers/Microsoft.Network/networkInterfaces/udemylab-webserver-00-nic/ipConfigurations/TestConfiguartion1|/subscriptions/08fd3d0c-eedb-4ad1-8c3e-02c2e7b70a14/resourceGroups/rg-udemylab/providers/Microsoft.Network/loadBalancers/udemylab-webserver-lb/inboundNatRules/RDPNAT",
            "ip_configuration_name": "TestConfiguartion1",
            "nat_rule_id": "/subscriptions/08fd3d0c-eedb-4ad1-8c3e-02c2e7b70a14/resourceGroups/rg-udemylab/providers/Microsoft.Network/loadBalancers/udemylab-webserver-lb/inboundNatRules/RDPNAT",
            "network_interface_id": "/subscriptions/08fd3d0c-eedb-4ad1-8c3e-02c2e7b70a14/resourceGroups/rg-udemylab/providers/Microsoft.Network/networkInterfaces/udemylab-webserver-00-nic",
            "timeouts": null
          }
        }
      ]
    },
    {
      "mode": "managed",
      "type": "azurerm_network_security_group",
      "name": "sn_udemy_subnet1_nsg",
      "provider": "provider.azurerm",
      "instances": [
        {
          "schema_version": 0,
          "attributes": {
            "id": "/subscriptions/08fd3d0c-eedb-4ad1-8c3e-02c2e7b70a14/resourceGroups/rg-udemylab/providers/Microsoft.Network/networkSecurityGroups/udemylab-subnet1-nsg",
            "location": "uksouth",
            "name": "udemylab-subnet1-nsg",
            "resource_group_name": "rg-udemylab",
            "security_rule": [
              {
                "access": "Allow",
                "description": "",
                "destination_address_prefix": "*",
                "destination_address_prefixes": [],
                "destination_application_security_group_ids": [],
                "destination_port_range": "",
                "destination_port_ranges": [
                  "3389",
                  "443"
                ],
                "direction": "Inbound",
                "name": "Allow_internet_remote_access",
                "priority": 100,
                "protocol": "Tcp",
                "source_address_prefix": "*",
                "source_address_prefixes": [],
                "source_application_security_group_ids": [],
                "source_port_range": "*",
                "source_port_ranges": []
              }
            ],
            "tags": {},
            "timeouts": null
          },
          "private": "eyJlMmJmYjczMC1lY2FhLTExZTYtOGY4OC0zNDM2M2JjN2M0YzAiOnsiY3JlYXRlIjoxODAwMDAwMDAwMDAwLCJkZWxldGUiOjE4MDAwMDAwMDAwMDAsInJlYWQiOjMwMDAwMDAwMDAwMCwidXBkYXRlIjoxODAwMDAwMDAwMDAwfX0=",
          "dependencies": [
            "azurerm_resource_group.rg_udemy",
            "azurerm_subnet.sn_udemy_subnet1",
            "azurerm_virtual_network.vnet_udemy"
          ]
        }
      ]
    },
    {
      "mode": "managed",
      "type": "azurerm_public_ip",
      "name": "pip_udemy_web_server",
      "provider": "provider.azurerm",
      "instances": [
        {
          "schema_version": 0,
          "attributes": {
            "allocation_method": "Static",
            "domain_name_label": "udemylab-webserver-dns",
            "fqdn": "udemylab-webserver-dns.uksouth.cloudapp.azure.com",
            "id": "/subscriptions/08fd3d0c-eedb-4ad1-8c3e-02c2e7b70a14/resourceGroups/rg-udemylab/providers/Microsoft.Network/publicIPAddresses/udemylab-webserver-pip",
            "idle_timeout_in_minutes": 4,
            "ip_address": "51.132.220.109",
            "ip_version": "IPv4",
            "location": "uksouth",
            "name": "udemylab-webserver-pip",
            "public_ip_prefix_id": null,
            "resource_group_name": "rg-udemylab",
            "reverse_fqdn": "",
            "sku": "Basic",
            "tags": {},
            "timeouts": null,
            "zones": []
          },
          "private": "eyJlMmJmYjczMC1lY2FhLTExZTYtOGY4OC0zNDM2M2JjN2M0YzAiOnsiY3JlYXRlIjoxODAwMDAwMDAwMDAwLCJkZWxldGUiOjE4MDAwMDAwMDAwMDAsInJlYWQiOjMwMDAwMDAwMDAwMCwidXBkYXRlIjoxODAwMDAwMDAwMDAwfX0=",
          "dependencies": [
            "azurerm_resource_group.rg_udemy"
          ]
        }
      ]
    },
    {
      "mode": "managed",
      "type": "azurerm_resource_group",
      "name": "rg_udemy",
      "provider": "provider.azurerm",
      "instances": [
        {
          "schema_version": 0,
          "attributes": {
            "id": "/subscriptions/08fd3d0c-eedb-4ad1-8c3e-02c2e7b70a14/resourceGroups/rg-udemylab",
            "location": "uksouth",
            "name": "rg-udemylab",
            "tags": {},
            "timeouts": null
          },
          "private": "eyJlMmJmYjczMC1lY2FhLTExZTYtOGY4OC0zNDM2M2JjN2M0YzAiOnsiY3JlYXRlIjo1NDAwMDAwMDAwMDAwLCJkZWxldGUiOjU0MDAwMDAwMDAwMDAsInJlYWQiOjMwMDAwMDAwMDAwMCwidXBkYXRlIjo1NDAwMDAwMDAwMDAwfX0="
        }
      ]
    },
    {
      "mode": "managed",
      "type": "azurerm_subnet",
      "name": "sn_udemy_subnet1",
      "provider": "provider.azurerm",
      "instances": [
        {
          "schema_version": 0,
          "attributes": {
            "address_prefix": "1.0.1.0/24",
            "address_prefixes": [
              "1.0.1.0/24"
            ],
            "delegation": [],
            "enforce_private_link_endpoint_network_policies": false,
            "enforce_private_link_service_network_policies": false,
            "id": "/subscriptions/08fd3d0c-eedb-4ad1-8c3e-02c2e7b70a14/resourceGroups/rg-udemylab/providers/Microsoft.Network/virtualNetworks/udemylab-vnet/subnets/udemylab-subnet1",
            "name": "udemylab-subnet1",
            "resource_group_name": "rg-udemylab",
            "service_endpoints": [],
            "timeouts": null,
            "virtual_network_name": "udemylab-vnet"
          },
          "private": "eyJlMmJmYjczMC1lY2FhLTExZTYtOGY4OC0zNDM2M2JjN2M0YzAiOnsiY3JlYXRlIjoxODAwMDAwMDAwMDAwLCJkZWxldGUiOjE4MDAwMDAwMDAwMDAsInJlYWQiOjMwMDAwMDAwMDAwMCwidXBkYXRlIjoxODAwMDAwMDAwMDAwfX0=",
          "dependencies": [
            "azurerm_resource_group.rg_udemy",
            "azurerm_virtual_network.vnet_udemy"
          ]
        }
      ]
    },
    {
      "mode": "managed",
      "type": "azurerm_subnet_network_security_group_association",
      "name": "sn_udemy_subnet1_nsg_asc",
      "provider": "provider.azurerm",
      "instances": [
        {
          "schema_version": 0,
          "attributes": {
            "id": "/subscriptions/08fd3d0c-eedb-4ad1-8c3e-02c2e7b70a14/resourceGroups/rg-udemylab/providers/Microsoft.Network/virtualNetworks/udemylab-vnet/subnets/udemylab-subnet1",
            "network_security_group_id": "/subscriptions/08fd3d0c-eedb-4ad1-8c3e-02c2e7b70a14/resourceGroups/rg-udemylab/providers/Microsoft.Network/networkSecurityGroups/udemylab-subnet1-nsg",
            "subnet_id": "/subscriptions/08fd3d0c-eedb-4ad1-8c3e-02c2e7b70a14/resourceGroups/rg-udemylab/providers/Microsoft.Network/virtualNetworks/udemylab-vnet/subnets/udemylab-subnet1",
            "timeouts": null
          }
        }
      ]
    },
    {
      "mode": "managed",
      "type": "azurerm_virtual_network",
      "name": "vnet_udemy",
      "provider": "provider.azurerm",
      "instances": [
        {
          "schema_version": 0,
          "attributes": {
            "address_space": [
              "1.0.0.0/22"
            ],
            "ddos_protection_plan": [],
            "dns_servers": [],
            "guid": "d9712d6f-617c-4ad6-9085-35084418e736",
            "id": "/subscriptions/08fd3d0c-eedb-4ad1-8c3e-02c2e7b70a14/resourceGroups/rg-udemylab/providers/Microsoft.Network/virtualNetworks/udemylab-vnet",
            "location": "uksouth",
            "name": "udemylab-vnet",
            "resource_group_name": "rg-udemylab",
            "subnet": [
              {
                "address_prefix": "1.0.1.0/24",
                "id": "/subscriptions/08fd3d0c-eedb-4ad1-8c3e-02c2e7b70a14/resourceGroups/rg-udemylab/providers/Microsoft.Network/virtualNetworks/udemylab-vnet/subnets/udemylab-subnet1",
                "name": "udemylab-subnet1",
                "security_group": "/subscriptions/08fd3d0c-eedb-4ad1-8c3e-02c2e7b70a14/resourceGroups/rg-udemylab/providers/Microsoft.Network/networkSecurityGroups/udemylab-subnet1-nsg"
              }
            ],
            "tags": {},
            "timeouts": null
          },
          "private": "eyJlMmJmYjczMC1lY2FhLTExZTYtOGY4OC0zNDM2M2JjN2M0YzAiOnsiY3JlYXRlIjoxODAwMDAwMDAwMDAwLCJkZWxldGUiOjE4MDAwMDAwMDAwMDAsInJlYWQiOjMwMDAwMDAwMDAwMCwidXBkYXRlIjoxODAwMDAwMDAwMDAwfX0=",
          "dependencies": [
            "azurerm_resource_group.rg_udemy"
          ]
        }
      ]
    },
    {
      "mode": "managed",
      "type": "azurerm_windows_virtual_machine",
      "name": "vm_udemy_vm1",
      "each": "list",
      "provider": "provider.azurerm",
      "instances": [
        {
          "index_key": 0,
          "schema_version": 0,
          "attributes": {
            "additional_capabilities": [],
            "additional_unattend_content": [],
            "admin_password": "P@$$w0rd1234!",
            "admin_username": "adminuser",
            "allow_extension_operations": true,
            "availability_set_id": "",
            "boot_diagnostics": [],
            "computer_name": "webserver-00",
            "custom_data": null,
            "dedicated_host_id": "",
            "enable_automatic_updates": true,
            "eviction_policy": "",
            "id": "/subscriptions/08fd3d0c-eedb-4ad1-8c3e-02c2e7b70a14/resourceGroups/rg-udemylab/providers/Microsoft.Compute/virtualMachines/webserver-00",
            "identity": [],
            "license_type": "",
            "location": "uksouth",
            "max_bid_price": -1,
            "name": "webserver-00",
            "network_interface_ids": [
              "/subscriptions/08fd3d0c-eedb-4ad1-8c3e-02c2e7b70a14/resourceGroups/rg-udemylab/providers/Microsoft.Network/networkInterfaces/udemylab-webserver-00-nic"
            ],
            "os_disk": [
              {
                "caching": "ReadWrite",
                "diff_disk_settings": [],
                "disk_encryption_set_id": "",
                "disk_size_gb": 30,
                "name": "webserver-00_OsDisk_1_9b1cbd09af1b46abb4b7cc17f6eae13c",
                "storage_account_type": "Standard_LRS",
                "write_accelerator_enabled": false
              }
            ],
            "plan": [],
            "priority": "Regular",
            "private_ip_address": "1.0.1.4",
            "private_ip_addresses": [
              "1.0.1.4"
            ],
            "provision_vm_agent": true,
            "proximity_placement_group_id": "",
            "public_ip_address": "",
            "public_ip_addresses": [],
            "resource_group_name": "rg-udemylab",
            "secret": [],
            "size": "Standard_B1s",
            "source_image_id": "",
            "source_image_reference": [
              {
                "offer": "WindowsServerSemiAnnual",
                "publisher": "MicrosoftWindowsServer",
                "sku": "Datacenter-Core-1709-smalldisk",
                "version": "latest"
              }
            ],
            "tags": {},
            "timeouts": null,
            "timezone": "",
            "virtual_machine_id": "cb978343-b74f-4dfb-9146-2182bf1e5c06",
            "virtual_machine_scale_set_id": "",
            "winrm_listener": [],
            "zone": ""
          }
        },
        {
          "index_key": 1,
          "schema_version": 0,
          "attributes": {
            "additional_capabilities": [],
            "additional_unattend_content": [],
            "admin_password": "P@$$w0rd1234!",
            "admin_username": "adminuser",
            "allow_extension_operations": true,
            "availability_set_id": "",
            "boot_diagnostics": [],
            "computer_name": "webserver-01",
            "custom_data": null,
            "dedicated_host_id": "",
            "enable_automatic_updates": true,
            "eviction_policy": "",
            "id": "/subscriptions/08fd3d0c-eedb-4ad1-8c3e-02c2e7b70a14/resourceGroups/rg-udemylab/providers/Microsoft.Compute/virtualMachines/webserver-01",
            "identity": [],
            "license_type": "",
            "location": "uksouth",
            "max_bid_price": -1,
            "name": "webserver-01",
            "network_interface_ids": [
              "/subscriptions/08fd3d0c-eedb-4ad1-8c3e-02c2e7b70a14/resourceGroups/rg-udemylab/providers/Microsoft.Network/networkInterfaces/udemylab-webserver-01-nic"
            ],
            "os_disk": [
              {
                "caching": "ReadWrite",
                "diff_disk_settings": [],
                "disk_encryption_set_id": "",
                "disk_size_gb": 30,
                "name": "webserver-01_OsDisk_1_1683931e209348c59661c586b8b072ab",
                "storage_account_type": "Standard_LRS",
                "write_accelerator_enabled": false
              }
            ],
            "plan": [],
            "priority": "Regular",
            "private_ip_address": "1.0.1.5",
            "private_ip_addresses": [
              "1.0.1.5"
            ],
            "provision_vm_agent": true,
            "proximity_placement_group_id": "",
            "public_ip_address": "",
            "public_ip_addresses": [],
            "resource_group_name": "rg-udemylab",
            "secret": [],
            "size": "Standard_B1s",
            "source_image_id": "",
            "source_image_reference": [
              {
                "offer": "WindowsServerSemiAnnual",
                "publisher": "MicrosoftWindowsServer",
                "sku": "Datacenter-Core-1709-smalldisk",
                "version": "latest"
              }
            ],
            "tags": {},
            "timeouts": null,
            "timezone": "",
            "virtual_machine_id": "16218e74-9334-493d-8b84-8cbe12d3a831",
            "virtual_machine_scale_set_id": "",
            "winrm_listener": [],
            "zone": ""
          }
        }
      ]
    }
  ]
}
